{
    "_meta": {
        "hash": {
            "sha256": "bd4557bf453762f63ca450c90385d33bdb0585968143d31602407cd0c2d62a62"
        },
        "pipfile-spec": 6,
        "requires": {
            "python_full_version": "3.9.2",
            "python_version": "3.9"
        },
        "sources": [
            {
                "name": "pypi",
                "url": "https://pypi.org/simple",
                "verify_ssl": true
            }
        ]
    },
    "default": {
        "colorama": {
            "hashes": [
                "sha256:08695f5cb7ed6e0531a20572697297273c47b8cae5a63ffc6d6ed5c201be6e44",
                "sha256:4f1d9991f5acc0ca119f9d443620b77f9d6b33703e51011c16baf57afb285fc6"
            ],
            "index": "pypi",
            "version": "==0.4.6"
        }
    },
    "develop": {}
}
